dependencies:
- name: alerts
  repository: file://charts/alerts
  version: 0.1.1
- name: api
  repository: file://charts/api
  version: 0.1.1
- name: assets
  repository: file://charts/assets
  version: 0.1.1
- name: assist
  repository: file://charts/assist
  version: 0.1.1
- name: assist-stats
  repository: file://charts/assist-stats
  version: 0.1.7
- name: canvases
  repository: file://charts/canvases
  version: 0.1.1
- name: chalice
  repository: file://charts/chalice
  version: 0.1.7
- name: db
  repository: file://charts/db
  version: 0.1.1
- name: ender
  repository: file://charts/ender
  version: 0.1.1
- name: frontend
  repository: file://charts/frontend
  version: 0.1.10
- name: heuristics
  repository: file://charts/heuristics
  version: 0.1.1
- name: http
  repository: file://charts/http
  version: 0.1.1
- name: images
  repository: file://charts/images
  version: 0.1.1
- name: integrations
  repository: file://charts/integrations
  version: 0.1.1
- name: sink
  repository: file://charts/sink
  version: 0.1.1
- name: sourcemapreader
  repository: file://charts/sourcemapreader
  version: 0.1.1
- name: spot
  repository: file://charts/spot
  version: 0.1.1
- name: storage
  repository: file://charts/storage
  version: 0.1.1
- name: utilities
  repository: file://charts/utilities
  version: 0.1.0
- name: ingress-nginx
  repository: file://charts/ingress-nginx
  version: 2.4.1
- name: connector
  repository: file://charts/connector
  version: 0.1.1
- name: assist-api
  repository: file://charts/assist-api
  version: 0.1.1
digest: sha256:5d368d35a0a912e68111a4da98bb1764e811d36d9d84d59a36abf3d87db5b657
generated: "2026-09-03T17:58:46.257559+09:00"
